
Microsoft Visual Studio Solution File, Format Version 12.00
# Visual Studio Version 17
VisualStudioVersion = 17.5.002.0
MinimumVisualStudioVersion = 10.0.40219.1
Project("{2150E333-8FDC-42A3-9474-1A3956D46DE8}") = "src", "src", "{C46DA9AD-365F-48B0-8261-B558C1BC1E0F}"
EndProject
Project("{9A19103F-16F7-4668-BE54-9A1E7A4F7556}") = "Play.Catalog.Service", "src\Play.Catalog.Service\Play.Catalog.Service.csproj", "{D162DB75-41A3-4C94-9AD5-B2FAEA4D92C4}"
EndProject
Global
	GlobalSection(SolutionConfigurationPlatforms) = preSolution
		Debug|Any CPU = Debug|Any CPU
		Release|Any CPU = Release|Any CPU
	EndGlobalSection
	GlobalSection(ProjectConfigurationPlatforms) = postSolution
		{D162DB75-41A3-4C94-9AD5-B2FAEA4D92C4}.Debug|Any CPU.ActiveCfg = Debug|Any CPU
		{D162DB75-41A3-4C94-9AD5-B2FAEA4D92C4}.Debug|Any CPU.Build.0 = Debug|Any CPU
		{D162DB75-41A3-4C94-9AD5-B2FAEA4D92C4}.Release|Any CPU.ActiveCfg = Release|Any CPU
		{D162DB75-41A3-4C94-9AD5-B2FAEA4D92C4}.Release|Any CPU.Build.0 = Release|Any CPU
	EndGlobalSection
	GlobalSection(SolutionProperties) = preSolution
		HideSolutionNode = FALSE
	EndGlobalSection
	GlobalSection(NestedProjects) = preSolution
		{D162DB75-41A3-4C94-9AD5-B2FAEA4D92C4} = {C46DA9AD-365F-48B0-8261-B558C1BC1E0F}
	EndGlobalSection
	GlobalSection(ExtensibilityGlobals) = postSolution
		SolutionGuid = {BF3E876B-682B-4CCC-8C12-0B6FC92757FE}
	EndGlobalSection
EndGlobal
